
Microsoft Visual Studio Solution File, Format Version 12.00
# Visual Studio Version 16
VisualStudioVersion = 16.0.31702.278
MinimumVisualStudioVersion = 10.0.40219.1
Project("{9A19103F-16F7-4668-BE54-9A1E7A4F7556}") = "WebCore", "WebCore\WebCore.csproj", "{EC78A194-3E92-4199-AA51-B5B7FB973935}"
EndProject
Project("{9A19103F-16F7-4668-BE54-9A1E7A4F7556}") = "Web_BLL", "Web_BLL\Web_BLL.csproj", "{A13C2589-B4F1-4F8D-9E4D-39A3580308F5}"
EndProject
Project("{9A19103F-16F7-4668-BE54-9A1E7A4F7556}") = "Web_DAL", "Web_DAL\Web_DAL.csproj", "{AB006EB2-F40C-45F1-8F37-7348AB090AD4}"
EndProject
Project("{9A19103F-16F7-4668-BE54-9A1E7A4F7556}") = "Web_Entity", "Web_Entity\Web_Entity.csproj", "{38CC3399-86F9-408B-A6F3-646AA50249EC}"
EndProject
Global
	GlobalSection(SolutionConfigurationPlatforms) = preSolution
		Debug|Any CPU = Debug|Any CPU
		Release|Any CPU = Release|Any CPU
	EndGlobalSection
	GlobalSection(ProjectConfigurationPlatforms) = postSolution
		{EC78A194-3E92-4199-AA51-B5B7FB973935}.Debug|Any CPU.ActiveCfg = Debug|Any CPU
		{EC78A194-3E92-4199-AA51-B5B7FB973935}.Debug|Any CPU.Build.0 = Debug|Any CPU
		{EC78A194-3E92-4199-AA51-B5B7FB973935}.Release|Any CPU.ActiveCfg = Release|Any CPU
		{EC78A194-3E92-4199-AA51-B5B7FB973935}.Release|Any CPU.Build.0 = Release|Any CPU
		{A13C2589-B4F1-4F8D-9E4D-39A3580308F5}.Debug|Any CPU.ActiveCfg = Debug|Any CPU
		{A13C2589-B4F1-4F8D-9E4D-39A3580308F5}.Debug|Any CPU.Build.0 = Debug|Any CPU
		{A13C2589-B4F1-4F8D-9E4D-39A3580308F5}.Release|Any CPU.ActiveCfg = Release|Any CPU
		{A13C2589-B4F1-4F8D-9E4D-39A3580308F5}.Release|Any CPU.Build.0 = Release|Any CPU
		{AB006EB2-F40C-45F1-8F37-7348AB090AD4}.Debug|Any CPU.ActiveCfg = Debug|Any CPU
		{AB006EB2-F40C-45F1-8F37-7348AB090AD4}.Debug|Any CPU.Build.0 = Debug|Any CPU
		{AB006EB2-F40C-45F1-8F37-7348AB090AD4}.Release|Any CPU.ActiveCfg = Release|Any CPU
		{AB006EB2-F40C-45F1-8F37-7348AB090AD4}.Release|Any CPU.Build.0 = Release|Any CPU
		{38CC3399-86F9-408B-A6F3-646AA50249EC}.Debug|Any CPU.ActiveCfg = Debug|Any CPU
		{38CC3399-86F9-408B-A6F3-646AA50249EC}.Debug|Any CPU.Build.0 = Debug|Any CPU
		{38CC3399-86F9-408B-A6F3-646AA50249EC}.Release|Any CPU.ActiveCfg = Release|Any CPU
		{38CC3399-86F9-408B-A6F3-646AA50249EC}.Release|Any CPU.Build.0 = Release|Any CPU
	EndGlobalSection
	GlobalSection(SolutionProperties) = preSolution
		HideSolutionNode = FALSE
	EndGlobalSection
	GlobalSection(ExtensibilityGlobals) = postSolution
		SolutionGuid = {6EF621FD-F0C4-4B48-8F27-693E55BA756F}
	EndGlobalSection
EndGlobal
